<?xml version="1.0" encoding="utf-8"?>
<Project ToolsVersion="4.0" xmlns="http://schemas.microsoft.com/developer/msbuild/2003">
  <ItemGroup>
    <Filter Include="Source Files">
      <UniqueIdentifier>{4FC737F1-C7A5-4376-A066-2A32D752A2FF}</UniqueIdentifier>
      <Extensions>cpp;c;cc;cxx;c++;cppm;ixx;def;odl;idl;hpj;bat;asm;asmx</Extensions>
    </Filter>
    <Filter Include="Resource Files">
      <UniqueIdentifier>{67DA6AB6-F800-4c08-8B7A-83BB121AAD01}</UniqueIdentifier>
      <Extensions>rc;ico;cur;bmp;dlg;rc2;rct;bin;rgs;gif;jpg;jpeg;jpe;resx;tiff;tif;png;wav;mfcribbon-ms</Extensions>
    </Filter>
    <Filter Include="Shaders">
      <UniqueIdentifier>{75c48492-37f2-4b7e-b4fd-0b9eb708652f}</UniqueIdentifier>
    </Filter>
    <Filter Include="Header Files">
      <UniqueIdentifier>{93995380-89BD-4b04-88EB-625FBE52EBFB}</UniqueIdentifier>
      <Extensions>h;hh;hpp;hxx;h++;hm;inl;inc;ipp;xsd</Extensions>
    </Filter>
  </ItemGroup>
  <ItemGroup>
    <ClCompile Include="Main.cpp">
      <Filter>Source Files</Filter>
    </ClCompile>
    <ClCompile Include="Shader.cpp">
      <Filter>Source Files</Filter>
    </ClCompile>
    <ClCompile Include="Camera.cpp">
      <Filter>Source Files</Filter>
    </ClCompile>
    <ClCompile Include="glad.c">
      <Filter>Resource Files</Filter>
    </ClCompile>
    <ClCompile Include="ImgLoad.cpp">
      <Filter>Resource Files</Filter>
    </ClCompile>
    <ClCompile Include="Mesh.cpp">
      <Filter>Source Files</Filter>
    </ClCompile>
    <ClCompile Include="Model.cpp">
      <Filter>Source Files</Filter>
    </ClCompile>
    <ClCompile Include="Bone.cpp">
      <Filter>Source Files</Filter>
    </ClCompile>
    <ClCompile Include="Animation.cpp">
      <Filter>Source Files</Filter>
    </ClCompile>
    <ClCompile Include="Animator.cpp">
      <Filter>Source Files</Filter>
    </ClCompile>
    <ClCompile Include="Level.cpp">
      <Filter>Source Files</Filter>
    </ClCompile>
    <ClCompile Include="viewmodel.cpp">
      <Filter>Source Files</Filter>
    </ClCompile>
  </ItemGroup>
  <ItemGroup>
    <None Include="SHADERS\framebuffer.fs">
      <Filter>Shaders</Filter>
    </None>
    <None Include="SHADERS\framebuffer.vs">
      <Filter>Shaders</Filter>
    </None>
    <None Include="SHADERS\depth.fs">
      <Filter>Shaders</Filter>
    </None>
    <None Include="SHADERS\depth.vs">
      <Filter>Shaders</Filter>
    </None>
    <None Include="SHADERS\depth.gs">
      <Filter>Shaders</Filter>
    </None>
    <None Include="SHADERS\geometry.fs">
      <Filter>Shaders</Filter>
    </None>
    <None Include="SHADERS\geometry.vs">
      <Filter>Shaders</Filter>
    </None>
    <None Include="SHADERS\lighting.fs">
      <Filter>Shaders</Filter>
    </None>
    <None Include="SHADERS\SSAO.fs">
      <Filter>Shaders</Filter>
    </None>
    <None Include="SHADERS\SSAO.vs">
      <Filter>Shaders</Filter>
    </None>
    <None Include="SHADERS\SSAOBlur.fs">
      <Filter>Shaders</Filter>
    </None>
    <None Include="Shaders\lighting.vs">
      <Filter>Shaders</Filter>
    </None>
    <None Include="SHADERS\shadow.fs">
      <Filter>Shaders</Filter>
    </None>
    <None Include="SHADERS\shadow.vs">
      <Filter>Shaders</Filter>
    </None>
    <None Include="SHADERS\animated.fs">
      <Filter>Shaders</Filter>
    </None>
    <None Include="SHADERS\animated.vs">
      <Filter>Shaders</Filter>
    </None>
    <None Include="SHADERS\pbr.fs">
      <Filter>Shaders</Filter>
    </None>
    <None Include="SHADERS\pbr.vs">
      <Filter>Shaders</Filter>
    </None>
    <None Include="SHADERS\pbrTexture.fs">
      <Filter>Shaders</Filter>
    </None>
  </ItemGroup>
  <ItemGroup>
    <ClInclude Include="Shader.h">
      <Filter>Header Files</Filter>
    </ClInclude>
    <ClInclude Include="stb_image.h">
      <Filter>Header Files</Filter>
    </ClInclude>
    <ClInclude Include="Camera.h">
      <Filter>Header Files</Filter>
    </ClInclude>
    <ClInclude Include="Mesh.h">
      <Filter>Header Files</Filter>
    </ClInclude>
    <ClInclude Include="Model.h">
      <Filter>Header Files</Filter>
    </ClInclude>
    <ClInclude Include="assimp_glm_helpers.h">
      <Filter>Header Files</Filter>
    </ClInclude>
    <ClInclude Include="Bone.h">
      <Filter>Header Files</Filter>
    </ClInclude>
    <ClInclude Include="Animation.h">
      <Filter>Header Files</Filter>
    </ClInclude>
    <ClInclude Include="Animator.h">
      <Filter>Header Files</Filter>
    </ClInclude>
    <ClInclude Include="Level.h">
      <Filter>Header Files</Filter>
    </ClInclude>
    <ClInclude Include="Viewmodel.h">
      <Filter>Header Files</Filter>
    </ClInclude>
  </ItemGroup>
</Project>